speakeasyVersion: 1.459.2
sources:
    Speakeasy API:
        sourceNamespace: speakeasy-api
        sourceRevisionDigest: sha256:5886a99b47bd7164be64ecfb25c451b1a4529aafbfd7afc8a106cd5c81c003e3
        sourceBlobDigest: sha256:2b1030ee3c1d82bb205f4230146d4632dcd59cc07c2eb266d5f294390b1188c3
        tags:
            - latest
            - 0.4.0
targets:
    test-sdk-name:
        source: Speakeasy API
        sourceNamespace: speakeasy-api
        sourceRevisionDigest: sha256:5886a99b47bd7164be64ecfb25c451b1a4529aafbfd7afc8a106cd5c81c003e3
        sourceBlobDigest: sha256:2b1030ee3c1d82bb205f4230146d4632dcd59cc07c2eb266d5f294390b1188c3
        codeSamplesNamespace: speakeasy-api-python-code-samples
        codeSamplesRevisionDigest: sha256:e39aa7bf2931f608fa6ff25408ded23e9b2c80aedb3aff78e735e90a461ed902
workflow:
    workflowVersion: 1.0.0
    speakeasyVersion: latest
    sources:
        Speakeasy API:
            inputs:
                - location: https://www.speakeasy.com/openapi.yaml
            registry:
                location: registry.speakeasyapi.dev/test-company-2/ws-3/speakeasy-api
    targets:
        test-sdk-name:
            target: python
            source: Speakeasy API
            codeSamples:
                registry:
                    location: registry.speakeasyapi.dev/test-company-2/ws-3/speakeasy-api-python-code-samples
                blocking: false
